
Microsoft Visual Studio Solution File, Format Version 12.00
# Visual Studio 2013
VisualStudioVersion = 12.0.0.0
MinimumVisualStudioVersion = 10.0.0.1
Project("{FAE04EC0-301F-11D3-BF4B-00C04F79EFBC}") = "noter", "noter.csproj", "{2689928E-7636-4E66-BF5B-EC570B73155F}"
EndProject
Project("{FAE04EC0-301F-11D3-BF4B-00C04F79EFBC}") = "EFCore.Relational", "..\..\dotnetcore\ef\inter\EFCore.Relational\EFCore.Relational.csproj", "{E431F012-B23E-48AD-BD95-2CA4B5AD2498}"
EndProject
Project("{FAE04EC0-301F-11D3-BF4B-00C04F79EFBC}") = "EFCore.SqlServer", "..\..\dotnetcore\ef\inter\EFCore.SqlServer\EFCore.SqlServer.csproj", "{F8E80205-8381-4861-8EB8-9B3A3B8DA588}"
EndProject
Project("{FAE04EC0-301F-11D3-BF4B-00C04F79EFBC}") = "EFCore", "..\..\dotnetcore\ef\inter\EFCore\EFCore.csproj", "{113E5A75-274C-49F9-B625-03D42900ED1C}"
EndProject
Global
	GlobalSection(SolutionConfigurationPlatforms) = preSolution
		Debug|Any CPU = Debug|Any CPU
		Release|Any CPU = Release|Any CPU
	EndGlobalSection
	GlobalSection(ProjectConfigurationPlatforms) = postSolution
		{2689928E-7636-4E66-BF5B-EC570B73155F}.Debug|Any CPU.ActiveCfg = Debug|Any CPU
		{2689928E-7636-4E66-BF5B-EC570B73155F}.Debug|Any CPU.Build.0 = Debug|Any CPU
		{2689928E-7636-4E66-BF5B-EC570B73155F}.Release|Any CPU.ActiveCfg = Release|Any CPU
		{2689928E-7636-4E66-BF5B-EC570B73155F}.Release|Any CPU.Build.0 = Release|Any CPU
		{E431F012-B23E-48AD-BD95-2CA4B5AD2498}.Debug|Any CPU.ActiveCfg = Debug|Any CPU
		{E431F012-B23E-48AD-BD95-2CA4B5AD2498}.Debug|Any CPU.Build.0 = Debug|Any CPU
		{E431F012-B23E-48AD-BD95-2CA4B5AD2498}.Release|Any CPU.ActiveCfg = Release|Any CPU
		{E431F012-B23E-48AD-BD95-2CA4B5AD2498}.Release|Any CPU.Build.0 = Release|Any CPU
		{F8E80205-8381-4861-8EB8-9B3A3B8DA588}.Debug|Any CPU.ActiveCfg = Debug|Any CPU
		{F8E80205-8381-4861-8EB8-9B3A3B8DA588}.Debug|Any CPU.Build.0 = Debug|Any CPU
		{F8E80205-8381-4861-8EB8-9B3A3B8DA588}.Release|Any CPU.ActiveCfg = Release|Any CPU
		{F8E80205-8381-4861-8EB8-9B3A3B8DA588}.Release|Any CPU.Build.0 = Release|Any CPU
		{113E5A75-274C-49F9-B625-03D42900ED1C}.Debug|Any CPU.ActiveCfg = Debug|Any CPU
		{113E5A75-274C-49F9-B625-03D42900ED1C}.Debug|Any CPU.Build.0 = Debug|Any CPU
		{113E5A75-274C-49F9-B625-03D42900ED1C}.Release|Any CPU.ActiveCfg = Release|Any CPU
		{113E5A75-274C-49F9-B625-03D42900ED1C}.Release|Any CPU.Build.0 = Release|Any CPU
	EndGlobalSection
	GlobalSection(SolutionProperties) = preSolution
		HideSolutionNode = FALSE
	EndGlobalSection
EndGlobal
